
Microsoft Visual Studio Solution File, Format Version 12.00
# Visual Studio Version 16
VisualStudioVersion = 16.0.28803.452
MinimumVisualStudioVersion = 10.0.40219.1
Project("{8BC9CEB8-8B4A-11D0-8D11-00A0C91BC942}") = "othello_1", "othello_1\othello_1.vcxproj", "{E200794C-9074-4168-95A8-481396F77943}"
EndProject
Global
	GlobalSection(SolutionConfigurationPlatforms) = preSolution
		Debug|x64 = Debug|x64
		Debug|x86 = Debug|x86
		Release|x64 = Release|x64
		Release|x86 = Release|x86
	EndGlobalSection
	GlobalSection(ProjectConfigurationPlatforms) = postSolution
		{E200794C-9074-4168-95A8-481396F77943}.Debug|x64.ActiveCfg = Debug|x64
		{E200794C-9074-4168-95A8-481396F77943}.Debug|x64.Build.0 = Debug|x64
		{E200794C-9074-4168-95A8-481396F77943}.Debug|x86.ActiveCfg = Debug|Win32
		{E200794C-9074-4168-95A8-481396F77943}.Debug|x86.Build.0 = Debug|Win32
		{E200794C-9074-4168-95A8-481396F77943}.Release|x64.ActiveCfg = Release|x64
		{E200794C-9074-4168-95A8-481396F77943}.Release|x64.Build.0 = Release|x64
		{E200794C-9074-4168-95A8-481396F77943}.Release|x86.ActiveCfg = Release|Win32
		{E200794C-9074-4168-95A8-481396F77943}.Release|x86.Build.0 = Release|Win32
	EndGlobalSection
	GlobalSection(SolutionProperties) = preSolution
		HideSolutionNode = FALSE
	EndGlobalSection
	GlobalSection(ExtensibilityGlobals) = postSolution
		SolutionGuid = {113FD8F7-DF4C-4519-BAD2-E8506FFE7696}
	EndGlobalSection
EndGlobal
